{
  "name": "@tlaplus/tree-sitter-tlaplus",
  "version": "0.1.0",
  "lockfileVersion": 2,
  "requires": true,
  "packages": {
    "": {
      "name": "@tlaplus/tree-sitter-tlaplus",
      "version": "0.1.0",
      "license": "MIT",
      "dependencies": {
        "nan": "^2.14.2"
      },
      "devDependencies": {
        "ahelwer-tree-sitter-cli": "^1.20.0"
      }
    },
    "node_modules/ahelwer-tree-sitter-cli": {
      "version": "1.20.0",
      "resolved": "https://registry.npmjs.org/ahelwer-tree-sitter-cli/-/ahelwer-tree-sitter-cli-1.20.0.tgz",
      "integrity": "sha512-GiyH9SVf9rV22u5+v7/nRARvTweoefkjnv5dd6rnT7R9j2nrRX295KJPh8/pv3x4nERg9/qWxR9lGzybavFosA==",
      "dev": true,
      "hasInstallScript": true,
      "bin": {
        "tree-sitter": "cli.js"
      }
    },
    "node_modules/nan": {
      "version": "2.14.2",
      "resolved": "https://registry.npmjs.org/nan/-/nan-2.14.2.tgz",
      "integrity": "sha512-M2ufzIiINKCuDfBSAUr1vWQ+vuVcA9kqx8JJUsbQi6yf1uGRyb7HfpdfUr5qLXf3B/t8dPvcjhKMmlfnP47EzQ=="
    }
  },
  "dependencies": {
    "ahelwer-tree-sitter-cli": {
      "version": "1.20.0",
      "resolved": "https://registry.npmjs.org/ahelwer-tree-sitter-cli/-/ahelwer-tree-sitter-cli-1.20.0.tgz",
      "integrity": "sha512-GiyH9SVf9rV22u5+v7/nRARvTweoefkjnv5dd6rnT7R9j2nrRX295KJPh8/pv3x4nERg9/qWxR9lGzybavFosA==",
      "dev": true
    },
    "nan": {
      "version": "2.14.2",
      "resolved": "https://registry.npmjs.org/nan/-/nan-2.14.2.tgz",
      "integrity": "sha512-M2ufzIiINKCuDfBSAUr1vWQ+vuVcA9kqx8JJUsbQi6yf1uGRyb7HfpdfUr5qLXf3B/t8dPvcjhKMmlfnP47EzQ=="
    }
  }
}
